
Microsoft Visual Studio Solution File, Format Version 12.00
# Visual Studio Version 17
VisualStudioVersion = 17.12.35527.113
MinimumVisualStudioVersion = 10.0.40219.1
Project("{8BC9CEB8-8B4A-11D0-8D11-00A0C91BC942}") = "1_HelloWorld", "1_HelloWorld\1_HelloWorld.vcxproj", "{CE42C4C0-B24A-4A17-AF2A-8C3FBB3ED8A7}"
EndProject
Project("{8BC9CEB8-8B4A-11D0-8D11-00A0C91BC942}") = "2_getcharSample", "2_getcharSample\2_getcharSample.vcxproj", "{53B651EE-70C9-4DDB-A157-40D7B8C13811}"
EndProject
Project("{8BC9CEB8-8B4A-11D0-8D11-00A0C91BC942}") = "3_getsSample", "3_getsSample\3_getsSample.vcxproj", "{EEE8EF29-4D12-4DAB-9F64-1C178C6DE25F}"
EndProject
Project("{8BC9CEB8-8B4A-11D0-8D11-00A0C91BC942}") = "04_escSeq", "04_escSeq\04_escSeq.vcxproj", "{14D70E71-3B0D-4ABF-94D9-B8F2EE9F5D58}"
EndProject
Project("{8BC9CEB8-8B4A-11D0-8D11-00A0C91BC942}") = "05_scanfAge", "05_scanfAge\05_scanfAge.vcxproj", "{9DE03630-BD5F-404B-A02E-0D57424AB544}"
EndProject
Project("{8BC9CEB8-8B4A-11D0-8D11-00A0C91BC942}") = "06_inputPractice", "06_inputPractice\06_inputPractice.vcxproj", "{5115ED2F-60FD-40A7-B86C-6E428F8B6C42}"
EndProject
Project("{8BC9CEB8-8B4A-11D0-8D11-00A0C91BC942}") = "07_practiceAvg", "07_practiceAvg\07_practiceAvg.vcxproj", "{4F23A45C-0BA1-4A27-BAED-581A12B73162}"
EndProject
Project("{8BC9CEB8-8B4A-11D0-8D11-00A0C91BC942}") = "08_practiceTime", "08_practiceTime\08_practiceTime.vcxproj", "{49240FD0-05EE-4F5D-B8B9-52FDC0EF9A27}"
EndProject
Project("{8BC9CEB8-8B4A-11D0-8D11-00A0C91BC942}") = "09_practiceSwap", "09_practiceSwap\09_practiceSwap.vcxproj", "{E8EB8A17-F600-48D9-981F-ADD7C239CE25}"
EndProject
Project("{8BC9CEB8-8B4A-11D0-8D11-00A0C91BC942}") = "10.operatorPractice", "10.operatorPractice\10.operatorPractice.vcxproj", "{32C5013C-D932-43CD-B0EA-A1CA0271EED8}"
EndProject
Project("{8BC9CEB8-8B4A-11D0-8D11-00A0C91BC942}") = "11_typeCastingError", "11_typeCastingError\11_typeCastingError.vcxproj", "{6A068C99-6970-4DA5-BF40-2B32776CB6F0}"
EndProject
Project("{8BC9CEB8-8B4A-11D0-8D11-00A0C91BC942}") = "12_bitMinus", "12_bitMinus\12_bitMinus.vcxproj", "{5C7408D5-5096-4D64-B8F2-83B05CCA0C9F}"
EndProject
Project("{8BC9CEB8-8B4A-11D0-8D11-00A0C91BC942}") = "13_goto", "13_goto\13_goto.vcxproj", "{1CAED1D1-C00B-4033-AF0C-942ADCD07F16}"
EndProject
Global
	GlobalSection(SolutionConfigurationPlatforms) = preSolution
		Debug|x64 = Debug|x64
		Debug|x86 = Debug|x86
		Release|x64 = Release|x64
		Release|x86 = Release|x86
	EndGlobalSection
	GlobalSection(ProjectConfigurationPlatforms) = postSolution
		{CE42C4C0-B24A-4A17-AF2A-8C3FBB3ED8A7}.Debug|x64.ActiveCfg = Debug|x64
		{CE42C4C0-B24A-4A17-AF2A-8C3FBB3ED8A7}.Debug|x64.Build.0 = Debug|x64
		{CE42C4C0-B24A-4A17-AF2A-8C3FBB3ED8A7}.Debug|x86.ActiveCfg = Debug|Win32
		{CE42C4C0-B24A-4A17-AF2A-8C3FBB3ED8A7}.Debug|x86.Build.0 = Debug|Win32
		{CE42C4C0-B24A-4A17-AF2A-8C3FBB3ED8A7}.Release|x64.ActiveCfg = Release|x64
		{CE42C4C0-B24A-4A17-AF2A-8C3FBB3ED8A7}.Release|x64.Build.0 = Release|x64
		{CE42C4C0-B24A-4A17-AF2A-8C3FBB3ED8A7}.Release|x86.ActiveCfg = Release|Win32
		{CE42C4C0-B24A-4A17-AF2A-8C3FBB3ED8A7}.Release|x86.Build.0 = Release|Win32
		{53B651EE-70C9-4DDB-A157-40D7B8C13811}.Debug|x64.ActiveCfg = Debug|x64
		{53B651EE-70C9-4DDB-A157-40D7B8C13811}.Debug|x64.Build.0 = Debug|x64
		{53B651EE-70C9-4DDB-A157-40D7B8C13811}.Debug|x86.ActiveCfg = Debug|Win32
		{53B651EE-70C9-4DDB-A157-40D7B8C13811}.Debug|x86.Build.0 = Debug|Win32
		{53B651EE-70C9-4DDB-A157-40D7B8C13811}.Release|x64.ActiveCfg = Release|x64
		{53B651EE-70C9-4DDB-A157-40D7B8C13811}.Release|x64.Build.0 = Release|x64
		{53B651EE-70C9-4DDB-A157-40D7B8C13811}.Release|x86.ActiveCfg = Release|Win32
		{53B651EE-70C9-4DDB-A157-40D7B8C13811}.Release|x86.Build.0 = Release|Win32
		{EEE8EF29-4D12-4DAB-9F64-1C178C6DE25F}.Debug|x64.ActiveCfg = Debug|x64
		{EEE8EF29-4D12-4DAB-9F64-1C178C6DE25F}.Debug|x64.Build.0 = Debug|x64
		{EEE8EF29-4D12-4DAB-9F64-1C178C6DE25F}.Debug|x86.ActiveCfg = Debug|Win32
		{EEE8EF29-4D12-4DAB-9F64-1C178C6DE25F}.Debug|x86.Build.0 = Debug|Win32
		{EEE8EF29-4D12-4DAB-9F64-1C178C6DE25F}.Release|x64.ActiveCfg = Release|x64
		{EEE8EF29-4D12-4DAB-9F64-1C178C6DE25F}.Release|x64.Build.0 = Release|x64
		{EEE8EF29-4D12-4DAB-9F64-1C178C6DE25F}.Release|x86.ActiveCfg = Release|Win32
		{EEE8EF29-4D12-4DAB-9F64-1C178C6DE25F}.Release|x86.Build.0 = Release|Win32
		{14D70E71-3B0D-4ABF-94D9-B8F2EE9F5D58}.Debug|x64.ActiveCfg = Debug|x64
		{14D70E71-3B0D-4ABF-94D9-B8F2EE9F5D58}.Debug|x64.Build.0 = Debug|x64
		{14D70E71-3B0D-4ABF-94D9-B8F2EE9F5D58}.Debug|x86.ActiveCfg = Debug|Win32
		{14D70E71-3B0D-4ABF-94D9-B8F2EE9F5D58}.Debug|x86.Build.0 = Debug|Win32
		{14D70E71-3B0D-4ABF-94D9-B8F2EE9F5D58}.Release|x64.ActiveCfg = Release|x64
		{14D70E71-3B0D-4ABF-94D9-B8F2EE9F5D58}.Release|x64.Build.0 = Release|x64
		{14D70E71-3B0D-4ABF-94D9-B8F2EE9F5D58}.Release|x86.ActiveCfg = Release|Win32
		{14D70E71-3B0D-4ABF-94D9-B8F2EE9F5D58}.Release|x86.Build.0 = Release|Win32
		{9DE03630-BD5F-404B-A02E-0D57424AB544}.Debug|x64.ActiveCfg = Debug|x64
		{9DE03630-BD5F-404B-A02E-0D57424AB544}.Debug|x64.Build.0 = Debug|x64
		{9DE03630-BD5F-404B-A02E-0D57424AB544}.Debug|x86.ActiveCfg = Debug|Win32
		{9DE03630-BD5F-404B-A02E-0D57424AB544}.Debug|x86.Build.0 = Debug|Win32
		{9DE03630-BD5F-404B-A02E-0D57424AB544}.Release|x64.ActiveCfg = Release|x64
		{9DE03630-BD5F-404B-A02E-0D57424AB544}.Release|x64.Build.0 = Release|x64
		{9DE03630-BD5F-404B-A02E-0D57424AB544}.Release|x86.ActiveCfg = Release|Win32
		{9DE03630-BD5F-404B-A02E-0D57424AB544}.Release|x86.Build.0 = Release|Win32
		{5115ED2F-60FD-40A7-B86C-6E428F8B6C42}.Debug|x64.ActiveCfg = Debug|x64
		{5115ED2F-60FD-40A7-B86C-6E428F8B6C42}.Debug|x64.Build.0 = Debug|x64
		{5115ED2F-60FD-40A7-B86C-6E428F8B6C42}.Debug|x86.ActiveCfg = Debug|Win32
		{5115ED2F-60FD-40A7-B86C-6E428F8B6C42}.Debug|x86.Build.0 = Debug|Win32
		{5115ED2F-60FD-40A7-B86C-6E428F8B6C42}.Release|x64.ActiveCfg = Release|x64
		{5115ED2F-60FD-40A7-B86C-6E428F8B6C42}.Release|x64.Build.0 = Release|x64
		{5115ED2F-60FD-40A7-B86C-6E428F8B6C42}.Release|x86.ActiveCfg = Release|Win32
		{5115ED2F-60FD-40A7-B86C-6E428F8B6C42}.Release|x86.Build.0 = Release|Win32
		{4F23A45C-0BA1-4A27-BAED-581A12B73162}.Debug|x64.ActiveCfg = Debug|x64
		{4F23A45C-0BA1-4A27-BAED-581A12B73162}.Debug|x64.Build.0 = Debug|x64
		{4F23A45C-0BA1-4A27-BAED-581A12B73162}.Debug|x86.ActiveCfg = Debug|Win32
		{4F23A45C-0BA1-4A27-BAED-581A12B73162}.Debug|x86.Build.0 = Debug|Win32
		{4F23A45C-0BA1-4A27-BAED-581A12B73162}.Release|x64.ActiveCfg = Release|x64
		{4F23A45C-0BA1-4A27-BAED-581A12B73162}.Release|x64.Build.0 = Release|x64
		{4F23A45C-0BA1-4A27-BAED-581A12B73162}.Release|x86.ActiveCfg = Release|Win32
		{4F23A45C-0BA1-4A27-BAED-581A12B73162}.Release|x86.Build.0 = Release|Win32
		{49240FD0-05EE-4F5D-B8B9-52FDC0EF9A27}.Debug|x64.ActiveCfg = Debug|x64
		{49240FD0-05EE-4F5D-B8B9-52FDC0EF9A27}.Debug|x64.Build.0 = Debug|x64
		{49240FD0-05EE-4F5D-B8B9-52FDC0EF9A27}.Debug|x86.ActiveCfg = Debug|Win32
		{49240FD0-05EE-4F5D-B8B9-52FDC0EF9A27}.Debug|x86.Build.0 = Debug|Win32
		{49240FD0-05EE-4F5D-B8B9-52FDC0EF9A27}.Release|x64.ActiveCfg = Release|x64
		{49240FD0-05EE-4F5D-B8B9-52FDC0EF9A27}.Release|x64.Build.0 = Release|x64
		{49240FD0-05EE-4F5D-B8B9-52FDC0EF9A27}.Release|x86.ActiveCfg = Release|Win32
		{49240FD0-05EE-4F5D-B8B9-52FDC0EF9A27}.Release|x86.Build.0 = Release|Win32
		{E8EB8A17-F600-48D9-981F-ADD7C239CE25}.Debug|x64.ActiveCfg = Debug|x64
		{E8EB8A17-F600-48D9-981F-ADD7C239CE25}.Debug|x64.Build.0 = Debug|x64
		{E8EB8A17-F600-48D9-981F-ADD7C239CE25}.Debug|x86.ActiveCfg = Debug|Win32
		{E8EB8A17-F600-48D9-981F-ADD7C239CE25}.Debug|x86.Build.0 = Debug|Win32
		{E8EB8A17-F600-48D9-981F-ADD7C239CE25}.Release|x64.ActiveCfg = Release|x64
		{E8EB8A17-F600-48D9-981F-ADD7C239CE25}.Release|x64.Build.0 = Release|x64
		{E8EB8A17-F600-48D9-981F-ADD7C239CE25}.Release|x86.ActiveCfg = Release|Win32
		{E8EB8A17-F600-48D9-981F-ADD7C239CE25}.Release|x86.Build.0 = Release|Win32
		{32C5013C-D932-43CD-B0EA-A1CA0271EED8}.Debug|x64.ActiveCfg = Debug|x64
		{32C5013C-D932-43CD-B0EA-A1CA0271EED8}.Debug|x64.Build.0 = Debug|x64
		{32C5013C-D932-43CD-B0EA-A1CA0271EED8}.Debug|x86.ActiveCfg = Debug|Win32
		{32C5013C-D932-43CD-B0EA-A1CA0271EED8}.Debug|x86.Build.0 = Debug|Win32
		{32C5013C-D932-43CD-B0EA-A1CA0271EED8}.Release|x64.ActiveCfg = Release|x64
		{32C5013C-D932-43CD-B0EA-A1CA0271EED8}.Release|x64.Build.0 = Release|x64
		{32C5013C-D932-43CD-B0EA-A1CA0271EED8}.Release|x86.ActiveCfg = Release|Win32
		{32C5013C-D932-43CD-B0EA-A1CA0271EED8}.Release|x86.Build.0 = Release|Win32
		{6A068C99-6970-4DA5-BF40-2B32776CB6F0}.Debug|x64.ActiveCfg = Debug|x64
		{6A068C99-6970-4DA5-BF40-2B32776CB6F0}.Debug|x64.Build.0 = Debug|x64
		{6A068C99-6970-4DA5-BF40-2B32776CB6F0}.Debug|x86.ActiveCfg = Debug|Win32
		{6A068C99-6970-4DA5-BF40-2B32776CB6F0}.Debug|x86.Build.0 = Debug|Win32
		{6A068C99-6970-4DA5-BF40-2B32776CB6F0}.Release|x64.ActiveCfg = Release|x64
		{6A068C99-6970-4DA5-BF40-2B32776CB6F0}.Release|x64.Build.0 = Release|x64
		{6A068C99-6970-4DA5-BF40-2B32776CB6F0}.Release|x86.ActiveCfg = Release|Win32
		{6A068C99-6970-4DA5-BF40-2B32776CB6F0}.Release|x86.Build.0 = Release|Win32
		{5C7408D5-5096-4D64-B8F2-83B05CCA0C9F}.Debug|x64.ActiveCfg = Debug|x64
		{5C7408D5-5096-4D64-B8F2-83B05CCA0C9F}.Debug|x64.Build.0 = Debug|x64
		{5C7408D5-5096-4D64-B8F2-83B05CCA0C9F}.Debug|x86.ActiveCfg = Debug|Win32
		{5C7408D5-5096-4D64-B8F2-83B05CCA0C9F}.Debug|x86.Build.0 = Debug|Win32
		{5C7408D5-5096-4D64-B8F2-83B05CCA0C9F}.Release|x64.ActiveCfg = Release|x64
		{5C7408D5-5096-4D64-B8F2-83B05CCA0C9F}.Release|x64.Build.0 = Release|x64
		{5C7408D5-5096-4D64-B8F2-83B05CCA0C9F}.Release|x86.ActiveCfg = Release|Win32
		{5C7408D5-5096-4D64-B8F2-83B05CCA0C9F}.Release|x86.Build.0 = Release|Win32
		{1CAED1D1-C00B-4033-AF0C-942ADCD07F16}.Debug|x64.ActiveCfg = Debug|x64
		{1CAED1D1-C00B-4033-AF0C-942ADCD07F16}.Debug|x64.Build.0 = Debug|x64
		{1CAED1D1-C00B-4033-AF0C-942ADCD07F16}.Debug|x86.ActiveCfg = Debug|Win32
		{1CAED1D1-C00B-4033-AF0C-942ADCD07F16}.Debug|x86.Build.0 = Debug|Win32
		{1CAED1D1-C00B-4033-AF0C-942ADCD07F16}.Release|x64.ActiveCfg = Release|x64
		{1CAED1D1-C00B-4033-AF0C-942ADCD07F16}.Release|x64.Build.0 = Release|x64
		{1CAED1D1-C00B-4033-AF0C-942ADCD07F16}.Release|x86.ActiveCfg = Release|Win32
		{1CAED1D1-C00B-4033-AF0C-942ADCD07F16}.Release|x86.Build.0 = Release|Win32
	EndGlobalSection
	GlobalSection(SolutionProperties) = preSolution
		HideSolutionNode = FALSE
	EndGlobalSection
EndGlobal
